
Microsoft Visual Studio Solution File, Format Version 12.00
# Visual Studio Version 17
VisualStudioVersion = 17.14.36212.18 d17.14
MinimumVisualStudioVersion = 10.0.40219.1
Project("{FAE04EC0-301F-11D3-BF4B-00C04F79EFBC}") = "RepeatLine", "RepeatLine\RepeatLine.csproj", "{2151C598-3E12-4DE0-A106-56050CA2AA8D}"
EndProject
Global
	GlobalSection(SolutionConfigurationPlatforms) = preSolution
		Debug|Any CPU = Debug|Any CPU
		Release|Any CPU = Release|Any CPU
	EndGlobalSection
	GlobalSection(ProjectConfigurationPlatforms) = postSolution
		{2151C598-3E12-4DE0-A106-56050CA2AA8D}.Debug|Any CPU.ActiveCfg = Debug|Any CPU
		{2151C598-3E12-4DE0-A106-56050CA2AA8D}.Debug|Any CPU.Build.0 = Debug|Any CPU
		{2151C598-3E12-4DE0-A106-56050CA2AA8D}.Release|Any CPU.ActiveCfg = Release|Any CPU
		{2151C598-3E12-4DE0-A106-56050CA2AA8D}.Release|Any CPU.Build.0 = Release|Any CPU
	EndGlobalSection
	GlobalSection(SolutionProperties) = preSolution
		HideSolutionNode = FALSE
	EndGlobalSection
	GlobalSection(ExtensibilityGlobals) = postSolution
		SolutionGuid = {DC52B049-0AA2-4D85-87E5-6B460B91211A}
	EndGlobalSection
EndGlobal
